
Microsoft Visual Studio Solution File, Format Version 12.00
# Visual Studio 14
VisualStudioVersion = 14.0.22823.1
MinimumVisualStudioVersion = 10.0.40219.1
Project("{2150E333-8FDC-42A3-9474-1A3956D46DE8}") = "src", "src", "{8E5BDB99-2D53-46AD-BF2E-79B5F10E4D62}"
EndProject
Project("{2150E333-8FDC-42A3-9474-1A3956D46DE8}") = "Solution Items", "Solution Items", "{8D47397A-A62B-4A4B-8C05-2D1C7FD3C30E}"
	ProjectSection(SolutionItems) = preProject
		global.json = global.json
	EndProjectSection
EndProject
Project("{8BB2217D-0F2D-49D1-97BC-3654ED321F3B}") = "XprsIo.API", "src\XprsIo.API\XprsIo.API.xproj", "{8083206B-384C-4AA7-AF7E-9D823EC25404}"
EndProject
Project("{8BB2217D-0F2D-49D1-97BC-3654ED321F3B}") = "XprsIo.API.Specs", "src\XprsIo.API.Specs\XprsIo.API.Specs.xproj", "{054460DD-6945-4455-8479-9FD2388CE8A1}"
EndProject
Project("{8BB2217D-0F2D-49D1-97BC-3654ED321F3B}") = "XprsIo.API.DataAccessLayer", "src\XprsIo.API.DataAccessLayer\XprsIo.API.DataAccessLayer.xproj", "{90C1D22F-1890-4562-83A6-F01AF2BDC25F}"
EndProject
Project("{8BB2217D-0F2D-49D1-97BC-3654ED321F3B}") = "XprsIo.API.BusinessLayer", "src\XprsIo.API.BusinessLayer\XprsIo.API.BusinessLayer.xproj", "{041E050F-8923-47CF-B6D6-4CEE67A541BA}"
EndProject
Project("{8BB2217D-0F2D-49D1-97BC-3654ED321F3B}") = "XprsIo.API.BusinessLayer.Specs", "src\XprsIo.BusinessLayer.Specs\XprsIo.API.BusinessLayer.Specs.xproj", "{BFC0B060-14E0-4355-B836-99D19BCDCFC1}"
EndProject
Project("{8BB2217D-0F2D-49D1-97BC-3654ED321F3B}") = "XprsIo.API.DataAccessLayer.Specs", "src\XprsIo.API.DataAccessLayer.Specs\XprsIo.API.DataAccessLayer.Specs.xproj", "{5BF825EC-7B9C-42AE-850D-A3B30A6D10F2}"
EndProject
Project("{8BB2217D-0F2D-49D1-97BC-3654ED321F3B}") = "XprsIo.API.IdentityProvider", "src\XprsIo.API.IdentityProvider\XprsIo.API.IdentityProvider.xproj", "{2E248F9E-D12D-432F-B90F-7015F53D4D9A}"
EndProject
Project("{8BB2217D-0F2D-49D1-97BC-3654ED321F3B}") = "XprsIo.API.IdentityProvider.Specs", "src\XprsIo.API.IdentityProvider.Specs\XprsIo.API.IdentityProvider.Specs.xproj", "{7261E68A-F2A9-43F2-978C-52DC236E2ADC}"
EndProject
Global
	GlobalSection(SolutionConfigurationPlatforms) = preSolution
		Debug|Any CPU = Debug|Any CPU
		Release|Any CPU = Release|Any CPU
	EndGlobalSection
	GlobalSection(ProjectConfigurationPlatforms) = postSolution
		{8083206B-384C-4AA7-AF7E-9D823EC25404}.Debug|Any CPU.ActiveCfg = Debug|Any CPU
		{8083206B-384C-4AA7-AF7E-9D823EC25404}.Debug|Any CPU.Build.0 = Debug|Any CPU
		{8083206B-384C-4AA7-AF7E-9D823EC25404}.Release|Any CPU.ActiveCfg = Release|Any CPU
		{8083206B-384C-4AA7-AF7E-9D823EC25404}.Release|Any CPU.Build.0 = Release|Any CPU
		{054460DD-6945-4455-8479-9FD2388CE8A1}.Debug|Any CPU.ActiveCfg = Debug|Any CPU
		{054460DD-6945-4455-8479-9FD2388CE8A1}.Debug|Any CPU.Build.0 = Debug|Any CPU
		{054460DD-6945-4455-8479-9FD2388CE8A1}.Release|Any CPU.ActiveCfg = Release|Any CPU
		{054460DD-6945-4455-8479-9FD2388CE8A1}.Release|Any CPU.Build.0 = Release|Any CPU
		{90C1D22F-1890-4562-83A6-F01AF2BDC25F}.Debug|Any CPU.ActiveCfg = Debug|Any CPU
		{90C1D22F-1890-4562-83A6-F01AF2BDC25F}.Debug|Any CPU.Build.0 = Debug|Any CPU
		{90C1D22F-1890-4562-83A6-F01AF2BDC25F}.Release|Any CPU.ActiveCfg = Release|Any CPU
		{90C1D22F-1890-4562-83A6-F01AF2BDC25F}.Release|Any CPU.Build.0 = Release|Any CPU
		{041E050F-8923-47CF-B6D6-4CEE67A541BA}.Debug|Any CPU.ActiveCfg = Debug|Any CPU
		{041E050F-8923-47CF-B6D6-4CEE67A541BA}.Debug|Any CPU.Build.0 = Debug|Any CPU
		{041E050F-8923-47CF-B6D6-4CEE67A541BA}.Release|Any CPU.ActiveCfg = Release|Any CPU
		{041E050F-8923-47CF-B6D6-4CEE67A541BA}.Release|Any CPU.Build.0 = Release|Any CPU
		{BFC0B060-14E0-4355-B836-99D19BCDCFC1}.Debug|Any CPU.ActiveCfg = Debug|Any CPU
		{BFC0B060-14E0-4355-B836-99D19BCDCFC1}.Debug|Any CPU.Build.0 = Debug|Any CPU
		{BFC0B060-14E0-4355-B836-99D19BCDCFC1}.Release|Any CPU.ActiveCfg = Release|Any CPU
		{BFC0B060-14E0-4355-B836-99D19BCDCFC1}.Release|Any CPU.Build.0 = Release|Any CPU
		{5BF825EC-7B9C-42AE-850D-A3B30A6D10F2}.Debug|Any CPU.ActiveCfg = Debug|Any CPU
		{5BF825EC-7B9C-42AE-850D-A3B30A6D10F2}.Debug|Any CPU.Build.0 = Debug|Any CPU
		{5BF825EC-7B9C-42AE-850D-A3B30A6D10F2}.Release|Any CPU.ActiveCfg = Release|Any CPU
		{5BF825EC-7B9C-42AE-850D-A3B30A6D10F2}.Release|Any CPU.Build.0 = Release|Any CPU
		{2E248F9E-D12D-432F-B90F-7015F53D4D9A}.Debug|Any CPU.ActiveCfg = Debug|Any CPU
		{2E248F9E-D12D-432F-B90F-7015F53D4D9A}.Debug|Any CPU.Build.0 = Debug|Any CPU
		{2E248F9E-D12D-432F-B90F-7015F53D4D9A}.Release|Any CPU.ActiveCfg = Release|Any CPU
		{2E248F9E-D12D-432F-B90F-7015F53D4D9A}.Release|Any CPU.Build.0 = Release|Any CPU
		{7261E68A-F2A9-43F2-978C-52DC236E2ADC}.Debug|Any CPU.ActiveCfg = Debug|Any CPU
		{7261E68A-F2A9-43F2-978C-52DC236E2ADC}.Debug|Any CPU.Build.0 = Debug|Any CPU
		{7261E68A-F2A9-43F2-978C-52DC236E2ADC}.Release|Any CPU.ActiveCfg = Release|Any CPU
		{7261E68A-F2A9-43F2-978C-52DC236E2ADC}.Release|Any CPU.Build.0 = Release|Any CPU
	EndGlobalSection
	GlobalSection(SolutionProperties) = preSolution
		HideSolutionNode = FALSE
	EndGlobalSection
	GlobalSection(NestedProjects) = preSolution
		{8083206B-384C-4AA7-AF7E-9D823EC25404} = {8E5BDB99-2D53-46AD-BF2E-79B5F10E4D62}
		{054460DD-6945-4455-8479-9FD2388CE8A1} = {8E5BDB99-2D53-46AD-BF2E-79B5F10E4D62}
		{90C1D22F-1890-4562-83A6-F01AF2BDC25F} = {8E5BDB99-2D53-46AD-BF2E-79B5F10E4D62}
		{041E050F-8923-47CF-B6D6-4CEE67A541BA} = {8E5BDB99-2D53-46AD-BF2E-79B5F10E4D62}
		{BFC0B060-14E0-4355-B836-99D19BCDCFC1} = {8E5BDB99-2D53-46AD-BF2E-79B5F10E4D62}
		{5BF825EC-7B9C-42AE-850D-A3B30A6D10F2} = {8E5BDB99-2D53-46AD-BF2E-79B5F10E4D62}
	EndGlobalSection
EndGlobal
